{
  "version": 4,
  "terraform_version": "1.10.0",
  "serial": 4,
  "lineage": "287931bf-ccb6-52e9-4541-e9d063ff06a1",
  "outputs": {
    "mapped_port": {
      "value": 8081,
      "type": "number"
    }
  },
  "resources": [
    {
      "mode": "managed",
      "type": "docker_image",
      "name": "fastapi_image",
      "provider": "provider[\"registry.terraform.io/kreuzwerker/docker\"]",
      "instances": [
        {
          "schema_version": 0,
          "attributes": {
            "build": [
              {
                "auth_config": [],
                "build_arg": null,
                "build_args": null,
                "build_id": "",
                "cache_from": [],
                "cgroup_parent": "",
                "context": "${home/vaibhav/Downloads/Practice/FastAPIInventoryPipeline}/..",
                "cpu_period": null,
                "cpu_quota": null,
                "cpu_set_cpus": "",
                "cpu_set_mems": "",
                "cpu_shares": null,
                "dockerfile": "dockerfile",
                "extra_hosts": [],
                "force_remove": null,
                "isolation": "",
                "label": null,
                "labels": null,
                "memory": null,
                "memory_swap": null,
                "network_mode": "",
                "no_cache": null,
                "path": "",
                "platform": "",
                "pull_parent": null,
                "remote_context": "",
                "remove": true,
                "security_opt": [],
                "session_id": "",
                "shm_size": null,
                "squash": null,
                "suppress_output": null,
                "tag": [],
                "target": "",
                "ulimit": [],
                "version": ""
              }
            ],
            "force_remove": null,
            "id": "sha256:731067526990a009568f6830ac6ba439606bb31a00575f87bc3306a5c83b781ffastapi_app:latest",
            "image_id": "sha256:731067526990a009568f6830ac6ba439606bb31a00575f87bc3306a5c83b781f",
            "keep_locally": null,
            "latest": "sha256:731067526990a009568f6830ac6ba439606bb31a00575f87bc3306a5c83b781f",
            "name": "fastapi_app:latest",
            "output": null,
            "platform": null,
            "pull_trigger": null,
            "pull_triggers": null,
            "repo_digest": "",
            "triggers": null
          },
          "sensitive_attributes": [],
          "private": "bnVsbA=="
        }
      ]
    }
  ],
  "check_results": null
}
